
Microsoft Visual Studio Solution File, Format Version 12.00
# Visual Studio Version 16
VisualStudioVersion = 16.0.30002.166
MinimumVisualStudioVersion = 10.0.40219.1
Project("{FAE04EC0-301F-11D3-BF4B-00C04F79EFBC}") = "NoCrashfish", "NoCrashfish.csproj", "{B928AA11-B659-41F8-9EA3-928A84898C81}"
EndProject
Global
	GlobalSection(SolutionConfigurationPlatforms) = preSolution
		Debug|Any CPU = Debug|Any CPU
		Release|Any CPU = Release|Any CPU
	EndGlobalSection
	GlobalSection(ProjectConfigurationPlatforms) = postSolution
		{B928AA11-B659-41F8-9EA3-928A84898C81}.Debug|Any CPU.ActiveCfg = Debug|Any CPU
		{B928AA11-B659-41F8-9EA3-928A84898C81}.Debug|Any CPU.Build.0 = Debug|Any CPU
		{B928AA11-B659-41F8-9EA3-928A84898C81}.Release|Any CPU.ActiveCfg = Release|Any CPU
		{B928AA11-B659-41F8-9EA3-928A84898C81}.Release|Any CPU.Build.0 = Release|Any CPU
	EndGlobalSection
	GlobalSection(SolutionProperties) = preSolution
		HideSolutionNode = FALSE
	EndGlobalSection
	GlobalSection(ExtensibilityGlobals) = postSolution
		SolutionGuid = {94A1C4D5-C93A-433C-ACCB-9AEE5E7F03AB}
	EndGlobalSection
EndGlobal
